PODS:
  - Kingfisher (5.4.0)
  - SwiftLint (0.32.0)

DEPENDENCIES:
  - Kingfisher (~> 5.4.0)
  - SwiftLint (~> 0.32.0)

SPEC REPOS:
  https://github.com/cocoapods/specs.git:
    - Kingfisher
    - SwiftLint

SPEC CHECKSUMS:
  Kingfisher: 9c8f2cc6710334e06f32ba2b45e77707d5e2f0c9
  SwiftLint: 009a898ef2a1c851f45e1b59349bf6ff2ddc990d

PODFILE CHECKSUM: 6e8795a116999c0d24eddca55b07d614ba59dc3a

COCOAPODS: 1.6.1
